{
  "name": "MontyAI",
  "lockfileVersion": 2,
  "requires": true,
  "packages": {
    "": {
      "dependencies": {
        "p5.play": "^2.3.0"
      }
    },
    "node_modules/p5.play": {
      "version": "2.3.0",
      "resolved": "https://registry.npmjs.org/p5.play/-/p5.play-2.3.0.tgz",
      "integrity": "sha512-EM6JSIGhiqs5MYGmMkiBxP+optskuLhYnydnuDgsdRX96pm5TwA3xOdBwK9zbo2iizCq+dfUaHUwK5a3cEDhhg=="
    }
  },
  "dependencies": {
    "p5.play": {
      "version": "2.3.0",
      "resolved": "https://registry.npmjs.org/p5.play/-/p5.play-2.3.0.tgz",
      "integrity": "sha512-EM6JSIGhiqs5MYGmMkiBxP+optskuLhYnydnuDgsdRX96pm5TwA3xOdBwK9zbo2iizCq+dfUaHUwK5a3cEDhhg=="
    }
  }
}
